# Laplace v7 CPU/fixture development lock.
# Generated from the isolated certification environment on 2026-07-28.
# GPU/model runtime packages are intentionally excluded.
annotated-doc==0.0.4
annotated-types==0.7.0
anyio==4.14.2
argon2-cffi==25.1.0
argon2-cffi-bindings==25.1.0
bandit==1.9.4
certifi==2026.6.17
cffi==2.1.0
click==8.4.2
coverage==7.15.1
defusedxml==0.7.1
fastapi==0.139.0
greenlet==3.5.4
h11==0.16.0
httpcore==1.0.9
httpx==0.28.1
hypothesis==6.156.6
idna==3.18
iniconfig==2.3.0
librt==0.13.0
markdown-it-py==4.2.0
mdurl==0.1.2
mypy==2.2.0
mypy-extensions==1.1.0
packaging==26.2
pathspec==1.1.1
playwright==1.61.0
pluggy==1.6.0
pycparser==3.0
pydantic==2.13.4
pydantic-core==2.46.4
pyee==13.0.1
pygments==2.20.0
pypdf==6.14.2
pytest==9.1.1
pytest-cov==7.1.0
python-multipart==0.0.32
pyyaml==6.0.3
rich==15.0.0
ruff==0.15.21
setuptools==83.0.0
sortedcontainers==2.4.0
starlette==1.3.1
stevedore==5.9.0
types-defusedxml==0.7.0.20260504
types-pyyaml==6.0.12.20260518
typing-extensions==4.16.0
typing-inspection==0.4.2
uvicorn==0.51.0
wheel==0.47.0
